
Microsoft Visual Studio Solution File, Format Version 12.00
# Visual Studio Version 17
VisualStudioVersion = 17.0.31903.59
MinimumVisualStudioVersion = 10.0.40219.1
Project("{FAE04EC0-301F-11D3-BF4B-00C04F79EFBC}") = "AppointmentsService.Domain", "AppointmentsService.Domain\AppointmentsService.Domain.csproj", "{332B9A27-C1EE-410D-A0F2-D3D40F32D30C}"
EndProject
Project("{FAE04EC0-301F-11D3-BF4B-00C04F79EFBC}") = "AppointmentsService.Application", "AppointmentsService.Application\AppointmentsService.Application.csproj", "{1907FDFD-9B13-4320-929E-3F6D0263F509}"
EndProject
Project("{FAE04EC0-301F-11D3-BF4B-00C04F79EFBC}") = "AppointmentsService.Infrastructure", "AppointmentsService.Infrastructure\AppointmentsService.Infrastructure.csproj", "{E43A4539-5E10-420A-B8E0-328434AFC201}"
EndProject
Project("{FAE04EC0-301F-11D3-BF4B-00C04F79EFBC}") = "AppointmentsService.API", "AppointmentsService.API\AppointmentsService.API.csproj", "{CAFD3384-BB53-42A6-AA55-2F4A446D11C2}"
EndProject
Project("{FAE04EC0-301F-11D3-BF4B-00C04F79EFBC}") = "AppointmentsService.Tests", "AppointmentsService.Tests\AppointmentsService.Tests.csproj", "{7F55C767-57E8-44F9-8660-2EE9D68B2E62}"
EndProject
Global
	GlobalSection(SolutionConfigurationPlatforms) = preSolution
		Debug|Any CPU = Debug|Any CPU
		Debug|x64 = Debug|x64
		Debug|x86 = Debug|x86
		Release|Any CPU = Release|Any CPU
		Release|x64 = Release|x64
		Release|x86 = Release|x86
	EndGlobalSection
	GlobalSection(ProjectConfigurationPlatforms) = postSolution
		{332B9A27-C1EE-410D-A0F2-D3D40F32D30C}.Debug|Any CPU.ActiveCfg = Debug|Any CPU
		{332B9A27-C1EE-410D-A0F2-D3D40F32D30C}.Debug|Any CPU.Build.0 = Debug|Any CPU
		{332B9A27-C1EE-410D-A0F2-D3D40F32D30C}.Debug|x64.ActiveCfg = Debug|Any CPU
		{332B9A27-C1EE-410D-A0F2-D3D40F32D30C}.Debug|x64.Build.0 = Debug|Any CPU
		{332B9A27-C1EE-410D-A0F2-D3D40F32D30C}.Debug|x86.ActiveCfg = Debug|Any CPU
		{332B9A27-C1EE-410D-A0F2-D3D40F32D30C}.Debug|x86.Build.0 = Debug|Any CPU
		{332B9A27-C1EE-410D-A0F2-D3D40F32D30C}.Release|Any CPU.ActiveCfg = Release|Any CPU
		{332B9A27-C1EE-410D-A0F2-D3D40F32D30C}.Release|Any CPU.Build.0 = Release|Any CPU
		{332B9A27-C1EE-410D-A0F2-D3D40F32D30C}.Release|x64.ActiveCfg = Release|Any CPU
		{332B9A27-C1EE-410D-A0F2-D3D40F32D30C}.Release|x64.Build.0 = Release|Any CPU
		{332B9A27-C1EE-410D-A0F2-D3D40F32D30C}.Release|x86.ActiveCfg = Release|Any CPU
		{332B9A27-C1EE-410D-A0F2-D3D40F32D30C}.Release|x86.Build.0 = Release|Any CPU
		{1907FDFD-9B13-4320-929E-3F6D0263F509}.Debug|Any CPU.ActiveCfg = Debug|Any CPU
		{1907FDFD-9B13-4320-929E-3F6D0263F509}.Debug|Any CPU.Build.0 = Debug|Any CPU
		{1907FDFD-9B13-4320-929E-3F6D0263F509}.Debug|x64.ActiveCfg = Debug|Any CPU
		{1907FDFD-9B13-4320-929E-3F6D0263F509}.Debug|x64.Build.0 = Debug|Any CPU
		{1907FDFD-9B13-4320-929E-3F6D0263F509}.Debug|x86.ActiveCfg = Debug|Any CPU
		{1907FDFD-9B13-4320-929E-3F6D0263F509}.Debug|x86.Build.0 = Debug|Any CPU
		{1907FDFD-9B13-4320-929E-3F6D0263F509}.Release|Any CPU.ActiveCfg = Release|Any CPU
		{1907FDFD-9B13-4320-929E-3F6D0263F509}.Release|Any CPU.Build.0 = Release|Any CPU
		{1907FDFD-9B13-4320-929E-3F6D0263F509}.Release|x64.ActiveCfg = Release|Any CPU
		{1907FDFD-9B13-4320-929E-3F6D0263F509}.Release|x64.Build.0 = Release|Any CPU
		{1907FDFD-9B13-4320-929E-3F6D0263F509}.Release|x86.ActiveCfg = Release|Any CPU
		{1907FDFD-9B13-4320-929E-3F6D0263F509}.Release|x86.Build.0 = Release|Any CPU
		{E43A4539-5E10-420A-B8E0-328434AFC201}.Debug|Any CPU.ActiveCfg = Debug|Any CPU
		{E43A4539-5E10-420A-B8E0-328434AFC201}.Debug|Any CPU.Build.0 = Debug|Any CPU
		{E43A4539-5E10-420A-B8E0-328434AFC201}.Debug|x64.ActiveCfg = Debug|Any CPU
		{E43A4539-5E10-420A-B8E0-328434AFC201}.Debug|x64.Build.0 = Debug|Any CPU
		{E43A4539-5E10-420A-B8E0-328434AFC201}.Debug|x86.ActiveCfg = Debug|Any CPU
		{E43A4539-5E10-420A-B8E0-328434AFC201}.Debug|x86.Build.0 = Debug|Any CPU
		{E43A4539-5E10-420A-B8E0-328434AFC201}.Release|Any CPU.ActiveCfg = Release|Any CPU
		{E43A4539-5E10-420A-B8E0-328434AFC201}.Release|Any CPU.Build.0 = Release|Any CPU
		{E43A4539-5E10-420A-B8E0-328434AFC201}.Release|x64.ActiveCfg = Release|Any CPU
		{E43A4539-5E10-420A-B8E0-328434AFC201}.Release|x64.Build.0 = Release|Any CPU
		{E43A4539-5E10-420A-B8E0-328434AFC201}.Release|x86.ActiveCfg = Release|Any CPU
		{E43A4539-5E10-420A-B8E0-328434AFC201}.Release|x86.Build.0 = Release|Any CPU
		{CAFD3384-BB53-42A6-AA55-2F4A446D11C2}.Debug|Any CPU.ActiveCfg = Debug|Any CPU
		{CAFD3384-BB53-42A6-AA55-2F4A446D11C2}.Debug|Any CPU.Build.0 = Debug|Any CPU
		{CAFD3384-BB53-42A6-AA55-2F4A446D11C2}.Debug|x64.ActiveCfg = Debug|Any CPU
		{CAFD3384-BB53-42A6-AA55-2F4A446D11C2}.Debug|x64.Build.0 = Debug|Any CPU
		{CAFD3384-BB53-42A6-AA55-2F4A446D11C2}.Debug|x86.ActiveCfg = Debug|Any CPU
		{CAFD3384-BB53-42A6-AA55-2F4A446D11C2}.Debug|x86.Build.0 = Debug|Any CPU
		{CAFD3384-BB53-42A6-AA55-2F4A446D11C2}.Release|Any CPU.ActiveCfg = Release|Any CPU
		{CAFD3384-BB53-42A6-AA55-2F4A446D11C2}.Release|Any CPU.Build.0 = Release|Any CPU
		{CAFD3384-BB53-42A6-AA55-2F4A446D11C2}.Release|x64.ActiveCfg = Release|Any CPU
		{CAFD3384-BB53-42A6-AA55-2F4A446D11C2}.Release|x64.Build.0 = Release|Any CPU
		{CAFD3384-BB53-42A6-AA55-2F4A446D11C2}.Release|x86.ActiveCfg = Release|Any CPU
		{CAFD3384-BB53-42A6-AA55-2F4A446D11C2}.Release|x86.Build.0 = Release|Any CPU
		{7F55C767-57E8-44F9-8660-2EE9D68B2E62}.Debug|Any CPU.ActiveCfg = Debug|Any CPU
		{7F55C767-57E8-44F9-8660-2EE9D68B2E62}.Debug|Any CPU.Build.0 = Debug|Any CPU
		{7F55C767-57E8-44F9-8660-2EE9D68B2E62}.Debug|x64.ActiveCfg = Debug|Any CPU
		{7F55C767-57E8-44F9-8660-2EE9D68B2E62}.Debug|x64.Build.0 = Debug|Any CPU
		{7F55C767-57E8-44F9-8660-2EE9D68B2E62}.Debug|x86.ActiveCfg = Debug|Any CPU
		{7F55C767-57E8-44F9-8660-2EE9D68B2E62}.Debug|x86.Build.0 = Debug|Any CPU
		{7F55C767-57E8-44F9-8660-2EE9D68B2E62}.Release|Any CPU.ActiveCfg = Release|Any CPU
		{7F55C767-57E8-44F9-8660-2EE9D68B2E62}.Release|Any CPU.Build.0 = Release|Any CPU
		{7F55C767-57E8-44F9-8660-2EE9D68B2E62}.Release|x64.ActiveCfg = Release|Any CPU
		{7F55C767-57E8-44F9-8660-2EE9D68B2E62}.Release|x64.Build.0 = Release|Any CPU
		{7F55C767-57E8-44F9-8660-2EE9D68B2E62}.Release|x86.ActiveCfg = Release|Any CPU
		{7F55C767-57E8-44F9-8660-2EE9D68B2E62}.Release|x86.Build.0 = Release|Any CPU
	EndGlobalSection
	GlobalSection(SolutionProperties) = preSolution
		HideSolutionNode = FALSE
	EndGlobalSection
EndGlobal
